
Microsoft Visual Studio Solution File, Format Version 12.00
# Visual Studio 15
VisualStudioVersion = 15.0.26430.12
MinimumVisualStudioVersion = 10.0.40219.1
Project("{FAE04EC0-301F-11D3-BF4B-00C04F79EFBC}") = "KeepShooting.Android", "KeepShooting\KeepShooting.Android\KeepShooting.Android.csproj", "{1C2D5E1B-50F0-42DC-A29B-473D19D06DD6}"
EndProject
Project("{FAE04EC0-301F-11D3-BF4B-00C04F79EFBC}") = "KeepShooting", "KeepShooting\KeepShooting\KeepShooting.csproj", "{7D88A971-4B26-4512-B295-9472DDBD9EB0}"
EndProject
Project("{FAE04EC0-301F-11D3-BF4B-00C04F79EFBC}") = "KeepShooting.iOS", "KeepShooting\KeepShooting.iOS\KeepShooting.iOS.csproj", "{AD0BF83B-79DC-416A-B913-DA9FB729EFED}"
EndProject
Project("{FAE04EC0-301F-11D3-BF4B-00C04F79EFBC}") = "testConsole", "testConsole\testConsole.csproj", "{535FADF4-5E46-4289-9216-2A2763D3196F}"
EndProject
Global
	GlobalSection(SolutionConfigurationPlatforms) = preSolution
		Ad-Hoc|Any CPU = Ad-Hoc|Any CPU
		Ad-Hoc|iPhone = Ad-Hoc|iPhone
		Ad-Hoc|iPhoneSimulator = Ad-Hoc|iPhoneSimulator
		AppStore|Any CPU = AppStore|Any CPU
		AppStore|iPhone = AppStore|iPhone
		AppStore|iPhoneSimulator = AppStore|iPhoneSimulator
		Debug|Any CPU = Debug|Any CPU
		Debug|iPhone = Debug|iPhone
		Debug|iPhoneSimulator = Debug|iPhoneSimulator
		Release|Any CPU = Release|Any CPU
		Release|iPhone = Release|iPhone
		Release|iPhoneSimulator = Release|iPhoneSimulator
	EndGlobalSection
	GlobalSection(ProjectConfigurationPlatforms) = postSolution
		{1C2D5E1B-50F0-42DC-A29B-473D19D06DD6}.Ad-Hoc|Any CPU.ActiveCfg = Release|Any CPU
		{1C2D5E1B-50F0-42DC-A29B-473D19D06DD6}.Ad-Hoc|Any CPU.Build.0 = Release|Any CPU
		{1C2D5E1B-50F0-42DC-A29B-473D19D06DD6}.Ad-Hoc|Any CPU.Deploy.0 = Release|Any CPU
		{1C2D5E1B-50F0-42DC-A29B-473D19D06DD6}.Ad-Hoc|iPhone.ActiveCfg = Release|Any CPU
		{1C2D5E1B-50F0-42DC-A29B-473D19D06DD6}.Ad-Hoc|iPhone.Build.0 = Release|Any CPU
		{1C2D5E1B-50F0-42DC-A29B-473D19D06DD6}.Ad-Hoc|iPhone.Deploy.0 = Release|Any CPU
		{1C2D5E1B-50F0-42DC-A29B-473D19D06DD6}.Ad-Hoc|iPhoneSimulator.ActiveCfg = Release|Any CPU
		{1C2D5E1B-50F0-42DC-A29B-473D19D06DD6}.Ad-Hoc|iPhoneSimulator.Build.0 = Release|Any CPU
		{1C2D5E1B-50F0-42DC-A29B-473D19D06DD6}.Ad-Hoc|iPhoneSimulator.Deploy.0 = Release|Any CPU
		{1C2D5E1B-50F0-42DC-A29B-473D19D06DD6}.AppStore|Any CPU.ActiveCfg = Release|Any CPU
		{1C2D5E1B-50F0-42DC-A29B-473D19D06DD6}.AppStore|Any CPU.Build.0 = Release|Any CPU
		{1C2D5E1B-50F0-42DC-A29B-473D19D06DD6}.AppStore|Any CPU.Deploy.0 = Release|Any CPU
		{1C2D5E1B-50F0-42DC-A29B-473D19D06DD6}.AppStore|iPhone.ActiveCfg = Release|Any CPU
		{1C2D5E1B-50F0-42DC-A29B-473D19D06DD6}.AppStore|iPhone.Build.0 = Release|Any CPU
		{1C2D5E1B-50F0-42DC-A29B-473D19D06DD6}.AppStore|iPhone.Deploy.0 = Release|Any CPU
		{1C2D5E1B-50F0-42DC-A29B-473D19D06DD6}.AppStore|iPhoneSimulator.ActiveCfg = Release|Any CPU
		{1C2D5E1B-50F0-42DC-A29B-473D19D06DD6}.AppStore|iPhoneSimulator.Build.0 = Release|Any CPU
		{1C2D5E1B-50F0-42DC-A29B-473D19D06DD6}.AppStore|iPhoneSimulator.Deploy.0 = Release|Any CPU
		{1C2D5E1B-50F0-42DC-A29B-473D19D06DD6}.Debug|Any CPU.ActiveCfg = Debug|Any CPU
		{1C2D5E1B-50F0-42DC-A29B-473D19D06DD6}.Debug|Any CPU.Build.0 = Debug|Any CPU
		{1C2D5E1B-50F0-42DC-A29B-473D19D06DD6}.Debug|Any CPU.Deploy.0 = Debug|Any CPU
		{1C2D5E1B-50F0-42DC-A29B-473D19D06DD6}.Debug|iPhone.ActiveCfg = Debug|Any CPU
		{1C2D5E1B-50F0-42DC-A29B-473D19D06DD6}.Debug|iPhone.Build.0 = Debug|Any CPU
		{1C2D5E1B-50F0-42DC-A29B-473D19D06DD6}.Debug|iPhone.Deploy.0 = Debug|Any CPU
		{1C2D5E1B-50F0-42DC-A29B-473D19D06DD6}.Debug|iPhoneSimulator.ActiveCfg = Debug|Any CPU
		{1C2D5E1B-50F0-42DC-A29B-473D19D06DD6}.Debug|iPhoneSimulator.Build.0 = Debug|Any CPU
		{1C2D5E1B-50F0-42DC-A29B-473D19D06DD6}.Debug|iPhoneSimulator.Deploy.0 = Debug|Any CPU
		{1C2D5E1B-50F0-42DC-A29B-473D19D06DD6}.Release|Any CPU.ActiveCfg = Release|Any CPU
		{1C2D5E1B-50F0-42DC-A29B-473D19D06DD6}.Release|Any CPU.Build.0 = Release|Any CPU
		{1C2D5E1B-50F0-42DC-A29B-473D19D06DD6}.Release|Any CPU.Deploy.0 = Release|Any CPU
		{1C2D5E1B-50F0-42DC-A29B-473D19D06DD6}.Release|iPhone.ActiveCfg = Release|Any CPU
		{1C2D5E1B-50F0-42DC-A29B-473D19D06DD6}.Release|iPhone.Build.0 = Release|Any CPU
		{1C2D5E1B-50F0-42DC-A29B-473D19D06DD6}.Release|iPhone.Deploy.0 = Release|Any CPU
		{1C2D5E1B-50F0-42DC-A29B-473D19D06DD6}.Release|iPhoneSimulator.ActiveCfg = Release|Any CPU
		{1C2D5E1B-50F0-42DC-A29B-473D19D06DD6}.Release|iPhoneSimulator.Build.0 = Release|Any CPU
		{1C2D5E1B-50F0-42DC-A29B-473D19D06DD6}.Release|iPhoneSimulator.Deploy.0 = Release|Any CPU
		{7D88A971-4B26-4512-B295-9472DDBD9EB0}.Ad-Hoc|Any CPU.ActiveCfg = Release|Any CPU
		{7D88A971-4B26-4512-B295-9472DDBD9EB0}.Ad-Hoc|Any CPU.Build.0 = Release|Any CPU
		{7D88A971-4B26-4512-B295-9472DDBD9EB0}.Ad-Hoc|iPhone.ActiveCfg = Release|Any CPU
		{7D88A971-4B26-4512-B295-9472DDBD9EB0}.Ad-Hoc|iPhone.Build.0 = Release|Any CPU
		{7D88A971-4B26-4512-B295-9472DDBD9EB0}.Ad-Hoc|iPhoneSimulator.ActiveCfg = Release|Any CPU
		{7D88A971-4B26-4512-B295-9472DDBD9EB0}.Ad-Hoc|iPhoneSimulator.Build.0 = Release|Any CPU
		{7D88A971-4B26-4512-B295-9472DDBD9EB0}.AppStore|Any CPU.ActiveCfg = Release|Any CPU
		{7D88A971-4B26-4512-B295-9472DDBD9EB0}.AppStore|Any CPU.Build.0 = Release|Any CPU
		{7D88A971-4B26-4512-B295-9472DDBD9EB0}.AppStore|iPhone.ActiveCfg = Release|Any CPU
		{7D88A971-4B26-4512-B295-9472DDBD9EB0}.AppStore|iPhone.Build.0 = Release|Any CPU
		{7D88A971-4B26-4512-B295-9472DDBD9EB0}.AppStore|iPhoneSimulator.ActiveCfg = Release|Any CPU
		{7D88A971-4B26-4512-B295-9472DDBD9EB0}.AppStore|iPhoneSimulator.Build.0 = Release|Any CPU
		{7D88A971-4B26-4512-B295-9472DDBD9EB0}.Debug|Any CPU.ActiveCfg = Debug|Any CPU
		{7D88A971-4B26-4512-B295-9472DDBD9EB0}.Debug|Any CPU.Build.0 = Debug|Any CPU
		{7D88A971-4B26-4512-B295-9472DDBD9EB0}.Debug|iPhone.ActiveCfg = Debug|Any CPU
		{7D88A971-4B26-4512-B295-9472DDBD9EB0}.Debug|iPhone.Build.0 = Debug|Any CPU
		{7D88A971-4B26-4512-B295-9472DDBD9EB0}.Debug|iPhoneSimulator.ActiveCfg = Debug|Any CPU
		{7D88A971-4B26-4512-B295-9472DDBD9EB0}.Debug|iPhoneSimulator.Build.0 = Debug|Any CPU
		{7D88A971-4B26-4512-B295-9472DDBD9EB0}.Release|Any CPU.ActiveCfg = Release|Any CPU
		{7D88A971-4B26-4512-B295-9472DDBD9EB0}.Release|Any CPU.Build.0 = Release|Any CPU
		{7D88A971-4B26-4512-B295-9472DDBD9EB0}.Release|iPhone.ActiveCfg = Release|Any CPU
		{7D88A971-4B26-4512-B295-9472DDBD9EB0}.Release|iPhone.Build.0 = Release|Any CPU
		{7D88A971-4B26-4512-B295-9472DDBD9EB0}.Release|iPhoneSimulator.ActiveCfg = Release|Any CPU
		{7D88A971-4B26-4512-B295-9472DDBD9EB0}.Release|iPhoneSimulator.Build.0 = Release|Any CPU
		{AD0BF83B-79DC-416A-B913-DA9FB729EFED}.Ad-Hoc|Any CPU.ActiveCfg = Ad-Hoc|iPhone
		{AD0BF83B-79DC-416A-B913-DA9FB729EFED}.Ad-Hoc|iPhone.ActiveCfg = Ad-Hoc|iPhone
		{AD0BF83B-79DC-416A-B913-DA9FB729EFED}.Ad-Hoc|iPhone.Build.0 = Ad-Hoc|iPhone
		{AD0BF83B-79DC-416A-B913-DA9FB729EFED}.Ad-Hoc|iPhoneSimulator.ActiveCfg = Ad-Hoc|iPhoneSimulator
		{AD0BF83B-79DC-416A-B913-DA9FB729EFED}.Ad-Hoc|iPhoneSimulator.Build.0 = Ad-Hoc|iPhoneSimulator
		{AD0BF83B-79DC-416A-B913-DA9FB729EFED}.AppStore|Any CPU.ActiveCfg = AppStore|iPhone
		{AD0BF83B-79DC-416A-B913-DA9FB729EFED}.AppStore|iPhone.ActiveCfg = AppStore|iPhone
		{AD0BF83B-79DC-416A-B913-DA9FB729EFED}.AppStore|iPhone.Build.0 = AppStore|iPhone
		{AD0BF83B-79DC-416A-B913-DA9FB729EFED}.AppStore|iPhoneSimulator.ActiveCfg = AppStore|iPhoneSimulator
		{AD0BF83B-79DC-416A-B913-DA9FB729EFED}.AppStore|iPhoneSimulator.Build.0 = AppStore|iPhoneSimulator
		{AD0BF83B-79DC-416A-B913-DA9FB729EFED}.Debug|Any CPU.ActiveCfg = Debug|iPhone
		{AD0BF83B-79DC-416A-B913-DA9FB729EFED}.Debug|iPhone.ActiveCfg = Debug|iPhone
		{AD0BF83B-79DC-416A-B913-DA9FB729EFED}.Debug|iPhone.Build.0 = Debug|iPhone
		{AD0BF83B-79DC-416A-B913-DA9FB729EFED}.Debug|iPhoneSimulator.ActiveCfg = Debug|iPhoneSimulator
		{AD0BF83B-79DC-416A-B913-DA9FB729EFED}.Debug|iPhoneSimulator.Build.0 = Debug|iPhoneSimulator
		{AD0BF83B-79DC-416A-B913-DA9FB729EFED}.Release|Any CPU.ActiveCfg = Release|iPhone
		{AD0BF83B-79DC-416A-B913-DA9FB729EFED}.Release|iPhone.ActiveCfg = Release|iPhone
		{AD0BF83B-79DC-416A-B913-DA9FB729EFED}.Release|iPhone.Build.0 = Release|iPhone
		{AD0BF83B-79DC-416A-B913-DA9FB729EFED}.Release|iPhoneSimulator.ActiveCfg = Release|iPhoneSimulator
		{AD0BF83B-79DC-416A-B913-DA9FB729EFED}.Release|iPhoneSimulator.Build.0 = Release|iPhoneSimulator
		{535FADF4-5E46-4289-9216-2A2763D3196F}.Ad-Hoc|Any CPU.ActiveCfg = Release|Any CPU
		{535FADF4-5E46-4289-9216-2A2763D3196F}.Ad-Hoc|Any CPU.Build.0 = Release|Any CPU
		{535FADF4-5E46-4289-9216-2A2763D3196F}.Ad-Hoc|iPhone.ActiveCfg = Release|Any CPU
		{535FADF4-5E46-4289-9216-2A2763D3196F}.Ad-Hoc|iPhone.Build.0 = Release|Any CPU
		{535FADF4-5E46-4289-9216-2A2763D3196F}.Ad-Hoc|iPhoneSimulator.ActiveCfg = Release|Any CPU
		{535FADF4-5E46-4289-9216-2A2763D3196F}.Ad-Hoc|iPhoneSimulator.Build.0 = Release|Any CPU
		{535FADF4-5E46-4289-9216-2A2763D3196F}.AppStore|Any CPU.ActiveCfg = Release|Any CPU
		{535FADF4-5E46-4289-9216-2A2763D3196F}.AppStore|Any CPU.Build.0 = Release|Any CPU
		{535FADF4-5E46-4289-9216-2A2763D3196F}.AppStore|iPhone.ActiveCfg = Release|Any CPU
		{535FADF4-5E46-4289-9216-2A2763D3196F}.AppStore|iPhone.Build.0 = Release|Any CPU
		{535FADF4-5E46-4289-9216-2A2763D3196F}.AppStore|iPhoneSimulator.ActiveCfg = Release|Any CPU
		{535FADF4-5E46-4289-9216-2A2763D3196F}.AppStore|iPhoneSimulator.Build.0 = Release|Any CPU
		{535FADF4-5E46-4289-9216-2A2763D3196F}.Debug|Any CPU.ActiveCfg = Debug|Any CPU
		{535FADF4-5E46-4289-9216-2A2763D3196F}.Debug|Any CPU.Build.0 = Debug|Any CPU
		{535FADF4-5E46-4289-9216-2A2763D3196F}.Debug|iPhone.ActiveCfg = Debug|Any CPU
		{535FADF4-5E46-4289-9216-2A2763D3196F}.Debug|iPhone.Build.0 = Debug|Any CPU
		{535FADF4-5E46-4289-9216-2A2763D3196F}.Debug|iPhoneSimulator.ActiveCfg = Debug|Any CPU
		{535FADF4-5E46-4289-9216-2A2763D3196F}.Debug|iPhoneSimulator.Build.0 = Debug|Any CPU
		{535FADF4-5E46-4289-9216-2A2763D3196F}.Release|Any CPU.ActiveCfg = Release|Any CPU
		{535FADF4-5E46-4289-9216-2A2763D3196F}.Release|Any CPU.Build.0 = Release|Any CPU
		{535FADF4-5E46-4289-9216-2A2763D3196F}.Release|iPhone.ActiveCfg = Release|Any CPU
		{535FADF4-5E46-4289-9216-2A2763D3196F}.Release|iPhone.Build.0 = Release|Any CPU
		{535FADF4-5E46-4289-9216-2A2763D3196F}.Release|iPhoneSimulator.ActiveCfg = Release|Any CPU
		{535FADF4-5E46-4289-9216-2A2763D3196F}.Release|iPhoneSimulator.Build.0 = Release|Any CPU
	EndGlobalSection
	GlobalSection(SolutionProperties) = preSolution
		HideSolutionNode = FALSE
	EndGlobalSection
EndGlobal
